
Microsoft Visual Studio Solution File, Format Version 12.00
# Visual Studio Version 17
VisualStudioVersion = 17.10.34928.147
MinimumVisualStudioVersion = 10.0.40219.1
Project("{FAE04EC0-301F-11D3-BF4B-00C04F79EFBC}") = "TodoListApp", "TodoListApp\TodoListApp.csproj", "{BBAD6A68-D6D9-4CAA-A392-7C737F0D2C7E}"
EndProject
Global
	GlobalSection(SolutionConfigurationPlatforms) = preSolution
		Debug|Any CPU = Debug|Any CPU
		Release|Any CPU = Release|Any CPU
	EndGlobalSection
	GlobalSection(ProjectConfigurationPlatforms) = postSolution
		{BBAD6A68-D6D9-4CAA-A392-7C737F0D2C7E}.Debug|Any CPU.ActiveCfg = Debug|Any CPU
		{BBAD6A68-D6D9-4CAA-A392-7C737F0D2C7E}.Debug|Any CPU.Build.0 = Debug|Any CPU
		{BBAD6A68-D6D9-4CAA-A392-7C737F0D2C7E}.Release|Any CPU.ActiveCfg = Release|Any CPU
		{BBAD6A68-D6D9-4CAA-A392-7C737F0D2C7E}.Release|Any CPU.Build.0 = Release|Any CPU
	EndGlobalSection
	GlobalSection(SolutionProperties) = preSolution
		HideSolutionNode = FALSE
	EndGlobalSection
	GlobalSection(ExtensibilityGlobals) = postSolution
		SolutionGuid = {F41BB5A7-0D44-4C28-BDC9-3D043EFF4389}
	EndGlobalSection
EndGlobal
